
Microsoft Visual Studio Solution File, Format Version 12.00
# Visual Studio Version 17
VisualStudioVersion = 17.7.34024.191
MinimumVisualStudioVersion = 10.0.40219.1
Project("{9A19103F-16F7-4668-BE54-9A1E7A4F7556}") = "VolvoREST", "VolvoREST.csproj", "{76A0AEE5-6F13-4EB3-8649-EA3B186045E1}"
EndProject
Project("{9A19103F-16F7-4668-BE54-9A1E7A4F7556}") = "VolvoTest", "..\VolvoTest\VolvoTest.csproj", "{0D09F13A-21A5-48B3-9578-8B6E98A0EFD1}"
	ProjectSection(ProjectDependencies) = postProject
		{76A0AEE5-6F13-4EB3-8649-EA3B186045E1} = {76A0AEE5-6F13-4EB3-8649-EA3B186045E1}
	EndProjectSection
EndProject
Global
	GlobalSection(SolutionConfigurationPlatforms) = preSolution
		Debug|Any CPU = Debug|Any CPU
		Release|Any CPU = Release|Any CPU
	EndGlobalSection
	GlobalSection(ProjectConfigurationPlatforms) = postSolution
		{76A0AEE5-6F13-4EB3-8649-EA3B186045E1}.Debug|Any CPU.ActiveCfg = Debug|Any CPU
		{76A0AEE5-6F13-4EB3-8649-EA3B186045E1}.Debug|Any CPU.Build.0 = Debug|Any CPU
		{76A0AEE5-6F13-4EB3-8649-EA3B186045E1}.Release|Any CPU.ActiveCfg = Release|Any CPU
		{76A0AEE5-6F13-4EB3-8649-EA3B186045E1}.Release|Any CPU.Build.0 = Release|Any CPU
		{0D09F13A-21A5-48B3-9578-8B6E98A0EFD1}.Debug|Any CPU.ActiveCfg = Debug|Any CPU
		{0D09F13A-21A5-48B3-9578-8B6E98A0EFD1}.Debug|Any CPU.Build.0 = Debug|Any CPU
		{0D09F13A-21A5-48B3-9578-8B6E98A0EFD1}.Release|Any CPU.ActiveCfg = Release|Any CPU
		{0D09F13A-21A5-48B3-9578-8B6E98A0EFD1}.Release|Any CPU.Build.0 = Release|Any CPU
	EndGlobalSection
	GlobalSection(SolutionProperties) = preSolution
		HideSolutionNode = FALSE
	EndGlobalSection
	GlobalSection(ExtensibilityGlobals) = postSolution
		SolutionGuid = {D391680C-01BC-4E8C-8CF4-3D31562CF4CF}
	EndGlobalSection
EndGlobal
